
Microsoft Visual Studio Solution File, Format Version 12.00
# Visual Studio 14
VisualStudioVersion = 14.0.24720.0
MinimumVisualStudioVersion = 10.0.40219.1
Project("{FAE04EC0-301F-11D3-BF4B-00C04F79EFBC}") = "MMEmotionCam", "MMEmotionCam\MMEmotionCam.csproj", "{33AB8869-E5E3-42AD-9D21-AAE9285E78AC}"
EndProject
Global
	GlobalSection(SolutionConfigurationPlatforms) = preSolution
		Debug|ARM = Debug|ARM
		Debug|x64 = Debug|x64
		Debug|x86 = Debug|x86
		Release|ARM = Release|ARM
		Release|x64 = Release|x64
		Release|x86 = Release|x86
	EndGlobalSection
	GlobalSection(ProjectConfigurationPlatforms) = postSolution
		{33AB8869-E5E3-42AD-9D21-AAE9285E78AC}.Debug|ARM.ActiveCfg = Debug|ARM
		{33AB8869-E5E3-42AD-9D21-AAE9285E78AC}.Debug|ARM.Build.0 = Debug|ARM
		{33AB8869-E5E3-42AD-9D21-AAE9285E78AC}.Debug|ARM.Deploy.0 = Debug|ARM
		{33AB8869-E5E3-42AD-9D21-AAE9285E78AC}.Debug|x64.ActiveCfg = Debug|x64
		{33AB8869-E5E3-42AD-9D21-AAE9285E78AC}.Debug|x64.Build.0 = Debug|x64
		{33AB8869-E5E3-42AD-9D21-AAE9285E78AC}.Debug|x64.Deploy.0 = Debug|x64
		{33AB8869-E5E3-42AD-9D21-AAE9285E78AC}.Debug|x86.ActiveCfg = Debug|x86
		{33AB8869-E5E3-42AD-9D21-AAE9285E78AC}.Debug|x86.Build.0 = Debug|x86
		{33AB8869-E5E3-42AD-9D21-AAE9285E78AC}.Debug|x86.Deploy.0 = Debug|x86
		{33AB8869-E5E3-42AD-9D21-AAE9285E78AC}.Release|ARM.ActiveCfg = Release|ARM
		{33AB8869-E5E3-42AD-9D21-AAE9285E78AC}.Release|ARM.Build.0 = Release|ARM
		{33AB8869-E5E3-42AD-9D21-AAE9285E78AC}.Release|ARM.Deploy.0 = Release|ARM
		{33AB8869-E5E3-42AD-9D21-AAE9285E78AC}.Release|x64.ActiveCfg = Release|x64
		{33AB8869-E5E3-42AD-9D21-AAE9285E78AC}.Release|x64.Build.0 = Release|x64
		{33AB8869-E5E3-42AD-9D21-AAE9285E78AC}.Release|x64.Deploy.0 = Release|x64
		{33AB8869-E5E3-42AD-9D21-AAE9285E78AC}.Release|x86.ActiveCfg = Release|x86
		{33AB8869-E5E3-42AD-9D21-AAE9285E78AC}.Release|x86.Build.0 = Release|x86
		{33AB8869-E5E3-42AD-9D21-AAE9285E78AC}.Release|x86.Deploy.0 = Release|x86
	EndGlobalSection
	GlobalSection(SolutionProperties) = preSolution
		HideSolutionNode = FALSE
	EndGlobalSection
EndGlobal
